
Microsoft Visual Studio Solution File, Format Version 12.00
# Visual Studio Version 17
VisualStudioVersion = 17.12.35209.166
MinimumVisualStudioVersion = 10.0.40219.1
Project("{FAE04EC0-301F-11D3-BF4B-00C04F79EFBC}") = "ObjectInitializers", "ObjectInitializers\ObjectInitializers.csproj", "{EFC5357F-3636-45B8-AD0F-C6F03E6E84D2}"
EndProject
Global
	GlobalSection(SolutionConfigurationPlatforms) = preSolution
		Debug|Any CPU = Debug|Any CPU
		Release|Any CPU = Release|Any CPU
	EndGlobalSection
	GlobalSection(ProjectConfigurationPlatforms) = postSolution
		{EFC5357F-3636-45B8-AD0F-C6F03E6E84D2}.Debug|Any CPU.ActiveCfg = Debug|Any CPU
		{EFC5357F-3636-45B8-AD0F-C6F03E6E84D2}.Debug|Any CPU.Build.0 = Debug|Any CPU
		{EFC5357F-3636-45B8-AD0F-C6F03E6E84D2}.Release|Any CPU.ActiveCfg = Release|Any CPU
		{EFC5357F-3636-45B8-AD0F-C6F03E6E84D2}.Release|Any CPU.Build.0 = Release|Any CPU
	EndGlobalSection
	GlobalSection(SolutionProperties) = preSolution
		HideSolutionNode = FALSE
	EndGlobalSection
	GlobalSection(ExtensibilityGlobals) = postSolution
		SolutionGuid = {E449971F-36AA-4B93-9215-A883B93BAB78}
	EndGlobalSection
EndGlobal
