
Microsoft Visual Studio Solution File, Format Version 12.00
# Visual Studio Version 17
VisualStudioVersion = 17.12.35209.166
MinimumVisualStudioVersion = 10.0.40219.1
Project("{FAE04EC0-301F-11D3-BF4B-00C04F79EFBC}") = "AccessModifiers", "AccessModifiers\AccessModifiers.csproj", "{D8719800-E0E9-4962-AFA3-EA5B693B025F}"
EndProject
Global
	GlobalSection(SolutionConfigurationPlatforms) = preSolution
		Debug|Any CPU = Debug|Any CPU
		Release|Any CPU = Release|Any CPU
	EndGlobalSection
	GlobalSection(ProjectConfigurationPlatforms) = postSolution
		{D8719800-E0E9-4962-AFA3-EA5B693B025F}.Debug|Any CPU.ActiveCfg = Debug|Any CPU
		{D8719800-E0E9-4962-AFA3-EA5B693B025F}.Debug|Any CPU.Build.0 = Debug|Any CPU
		{D8719800-E0E9-4962-AFA3-EA5B693B025F}.Release|Any CPU.ActiveCfg = Release|Any CPU
		{D8719800-E0E9-4962-AFA3-EA5B693B025F}.Release|Any CPU.Build.0 = Release|Any CPU
	EndGlobalSection
	GlobalSection(SolutionProperties) = preSolution
		HideSolutionNode = FALSE
	EndGlobalSection
	GlobalSection(ExtensibilityGlobals) = postSolution
		SolutionGuid = {B98A08F3-AA85-4C3F-AB03-6AA9240DDC00}
	EndGlobalSection
EndGlobal
