
Microsoft Visual Studio Solution File, Format Version 12.00
# Visual Studio Version 17
VisualStudioVersion = 17.12.35209.166
MinimumVisualStudioVersion = 10.0.40219.1
Project("{FAE04EC0-301F-11D3-BF4B-00C04F79EFBC}") = "Stopwatch", "Stopwatch\Stopwatch.csproj", "{7F2DBD9C-2ABE-4AF2-8B1D-8FEBA4FC241A}"
EndProject
Global
	GlobalSection(SolutionConfigurationPlatforms) = preSolution
		Debug|Any CPU = Debug|Any CPU
		Release|Any CPU = Release|Any CPU
	EndGlobalSection
	GlobalSection(ProjectConfigurationPlatforms) = postSolution
		{7F2DBD9C-2ABE-4AF2-8B1D-8FEBA4FC241A}.Debug|Any CPU.ActiveCfg = Debug|Any CPU
		{7F2DBD9C-2ABE-4AF2-8B1D-8FEBA4FC241A}.Debug|Any CPU.Build.0 = Debug|Any CPU
		{7F2DBD9C-2ABE-4AF2-8B1D-8FEBA4FC241A}.Release|Any CPU.ActiveCfg = Release|Any CPU
		{7F2DBD9C-2ABE-4AF2-8B1D-8FEBA4FC241A}.Release|Any CPU.Build.0 = Release|Any CPU
	EndGlobalSection
	GlobalSection(SolutionProperties) = preSolution
		HideSolutionNode = FALSE
	EndGlobalSection
	GlobalSection(ExtensibilityGlobals) = postSolution
		SolutionGuid = {ED3F5861-F4F0-4B14-930D-83878B057100}
	EndGlobalSection
EndGlobal
