
Microsoft Visual Studio Solution File, Format Version 12.00
# Visual Studio Version 17
VisualStudioVersion = 17.12.35209.166
MinimumVisualStudioVersion = 10.0.40219.1
Project("{FAE04EC0-301F-11D3-BF4B-00C04F79EFBC}") = "Stopwatch", "Stopwatch\Stopwatch.csproj", "{121640C6-42B8-4757-8BB7-35ACA955759A}"
EndProject
Global
	GlobalSection(SolutionConfigurationPlatforms) = preSolution
		Debug|Any CPU = Debug|Any CPU
		Release|Any CPU = Release|Any CPU
	EndGlobalSection
	GlobalSection(ProjectConfigurationPlatforms) = postSolution
		{121640C6-42B8-4757-8BB7-35ACA955759A}.Debug|Any CPU.ActiveCfg = Debug|Any CPU
		{121640C6-42B8-4757-8BB7-35ACA955759A}.Debug|Any CPU.Build.0 = Debug|Any CPU
		{121640C6-42B8-4757-8BB7-35ACA955759A}.Release|Any CPU.ActiveCfg = Release|Any CPU
		{121640C6-42B8-4757-8BB7-35ACA955759A}.Release|Any CPU.Build.0 = Release|Any CPU
	EndGlobalSection
	GlobalSection(SolutionProperties) = preSolution
		HideSolutionNode = FALSE
	EndGlobalSection
	GlobalSection(ExtensibilityGlobals) = postSolution
		SolutionGuid = {7756CA85-FECD-40B1-93D2-F3FC3717D03F}
	EndGlobalSection
EndGlobal
