
Microsoft Visual Studio Solution File, Format Version 12.00
# Visual Studio Version 17
VisualStudioVersion = 17.12.35209.166
MinimumVisualStudioVersion = 10.0.40219.1
Project("{FAE04EC0-301F-11D3-BF4B-00C04F79EFBC}") = "AccessModifiers", "AccessModifiers\AccessModifiers.csproj", "{B81C7A87-6200-45E1-9D6C-213FBF602EC6}"
EndProject
Global
	GlobalSection(SolutionConfigurationPlatforms) = preSolution
		Debug|Any CPU = Debug|Any CPU
		Release|Any CPU = Release|Any CPU
	EndGlobalSection
	GlobalSection(ProjectConfigurationPlatforms) = postSolution
		{B81C7A87-6200-45E1-9D6C-213FBF602EC6}.Debug|Any CPU.ActiveCfg = Debug|Any CPU
		{B81C7A87-6200-45E1-9D6C-213FBF602EC6}.Debug|Any CPU.Build.0 = Debug|Any CPU
		{B81C7A87-6200-45E1-9D6C-213FBF602EC6}.Release|Any CPU.ActiveCfg = Release|Any CPU
		{B81C7A87-6200-45E1-9D6C-213FBF602EC6}.Release|Any CPU.Build.0 = Release|Any CPU
	EndGlobalSection
	GlobalSection(SolutionProperties) = preSolution
		HideSolutionNode = FALSE
	EndGlobalSection
	GlobalSection(ExtensibilityGlobals) = postSolution
		SolutionGuid = {4E3B0513-4BA5-4F5F-9805-E48BD318B8C4}
	EndGlobalSection
EndGlobal
