
Microsoft Visual Studio Solution File, Format Version 12.00
# Visual Studio Version 17
VisualStudioVersion = 17.12.35209.166
MinimumVisualStudioVersion = 10.0.40219.1
Project("{FAE04EC0-301F-11D3-BF4B-00C04F79EFBC}") = "Composition", "Composition\Composition.csproj", "{693E02E8-C348-4343-8AB3-2C307F3DC036}"
EndProject
Global
	GlobalSection(SolutionConfigurationPlatforms) = preSolution
		Debug|Any CPU = Debug|Any CPU
		Release|Any CPU = Release|Any CPU
	EndGlobalSection
	GlobalSection(ProjectConfigurationPlatforms) = postSolution
		{693E02E8-C348-4343-8AB3-2C307F3DC036}.Debug|Any CPU.ActiveCfg = Debug|Any CPU
		{693E02E8-C348-4343-8AB3-2C307F3DC036}.Debug|Any CPU.Build.0 = Debug|Any CPU
		{693E02E8-C348-4343-8AB3-2C307F3DC036}.Release|Any CPU.ActiveCfg = Release|Any CPU
		{693E02E8-C348-4343-8AB3-2C307F3DC036}.Release|Any CPU.Build.0 = Release|Any CPU
	EndGlobalSection
	GlobalSection(SolutionProperties) = preSolution
		HideSolutionNode = FALSE
	EndGlobalSection
	GlobalSection(ExtensibilityGlobals) = postSolution
		SolutionGuid = {65147198-9956-46F4-9D47-69421D639FA1}
	EndGlobalSection
EndGlobal
